
Microsoft Visual Studio Solution File, Format Version 12.00
# Visual Studio Version 17
VisualStudioVersion = 17.4.33205.214
MinimumVisualStudioVersion = 10.0.40219.1
Project("{FAE04EC0-301F-11D3-BF4B-00C04F79EFBC}") = "AWS_Task", "AWS_Task.csproj", "{81F429AF-0510-4106-8737-EBEC05856AA4}"
EndProject
Global
	GlobalSection(SolutionConfigurationPlatforms) = preSolution
		Debug|Any CPU = Debug|Any CPU
		Release|Any CPU = Release|Any CPU
	EndGlobalSection
	GlobalSection(ProjectConfigurationPlatforms) = postSolution
		{81F429AF-0510-4106-8737-EBEC05856AA4}.Debug|Any CPU.ActiveCfg = Debug|Any CPU
		{81F429AF-0510-4106-8737-EBEC05856AA4}.Debug|Any CPU.Build.0 = Debug|Any CPU
		{81F429AF-0510-4106-8737-EBEC05856AA4}.Release|Any CPU.ActiveCfg = Release|Any CPU
		{81F429AF-0510-4106-8737-EBEC05856AA4}.Release|Any CPU.Build.0 = Release|Any CPU
	EndGlobalSection
	GlobalSection(SolutionProperties) = preSolution
		HideSolutionNode = FALSE
	EndGlobalSection
	GlobalSection(ExtensibilityGlobals) = postSolution
		SolutionGuid = {A0FE3C6F-E0F4-4E42-9F0E-2D89420B7602}
	EndGlobalSection
EndGlobal
